
Microsoft Visual Studio Solution File, Format Version 12.00
# Visual Studio 15
VisualStudioVersion = 15.0.28307.421
MinimumVisualStudioVersion = 10.0.40219.1
Project("{9A19103F-16F7-4668-BE54-9A1E7A4F7556}") = "TelepathyLink.Core", "TelepathyLink.Core\TelepathyLink.Core.csproj", "{B38B19EC-9CFF-4846-92B3-5166865585CE}"
EndProject
Project("{9A19103F-16F7-4668-BE54-9A1E7A4F7556}") = "Telepathy", "Telepathy\Telepathy\Telepathy.csproj", "{8BA269BC-DCC8-4EE0-8DB5-43E3F992FC15}"
EndProject
Project("{FAE04EC0-301F-11D3-BF4B-00C04F79EFBC}") = "TelepathyLink.Client", "TelepathyLink.Client\TelepathyLink.Client.csproj", "{2EC5EE62-5F27-41DE-833E-E01284D53C81}"
EndProject
Global
	GlobalSection(SolutionConfigurationPlatforms) = preSolution
		Debug|Any CPU = Debug|Any CPU
		Release|Any CPU = Release|Any CPU
	EndGlobalSection
	GlobalSection(ProjectConfigurationPlatforms) = postSolution
		{B38B19EC-9CFF-4846-92B3-5166865585CE}.Debug|Any CPU.ActiveCfg = Debug|Any CPU
		{B38B19EC-9CFF-4846-92B3-5166865585CE}.Debug|Any CPU.Build.0 = Debug|Any CPU
		{B38B19EC-9CFF-4846-92B3-5166865585CE}.Release|Any CPU.ActiveCfg = Release|Any CPU
		{B38B19EC-9CFF-4846-92B3-5166865585CE}.Release|Any CPU.Build.0 = Release|Any CPU
		{8BA269BC-DCC8-4EE0-8DB5-43E3F992FC15}.Debug|Any CPU.ActiveCfg = Debug|Any CPU
		{8BA269BC-DCC8-4EE0-8DB5-43E3F992FC15}.Debug|Any CPU.Build.0 = Debug|Any CPU
		{8BA269BC-DCC8-4EE0-8DB5-43E3F992FC15}.Release|Any CPU.ActiveCfg = Release|Any CPU
		{8BA269BC-DCC8-4EE0-8DB5-43E3F992FC15}.Release|Any CPU.Build.0 = Release|Any CPU
		{2EC5EE62-5F27-41DE-833E-E01284D53C81}.Debug|Any CPU.ActiveCfg = Debug|Any CPU
		{2EC5EE62-5F27-41DE-833E-E01284D53C81}.Debug|Any CPU.Build.0 = Debug|Any CPU
		{2EC5EE62-5F27-41DE-833E-E01284D53C81}.Release|Any CPU.ActiveCfg = Release|Any CPU
		{2EC5EE62-5F27-41DE-833E-E01284D53C81}.Release|Any CPU.Build.0 = Release|Any CPU
	EndGlobalSection
	GlobalSection(SolutionProperties) = preSolution
		HideSolutionNode = FALSE
	EndGlobalSection
	GlobalSection(ExtensibilityGlobals) = postSolution
		SolutionGuid = {E17932FB-0D13-462D-8798-B65333F4BA30}
	EndGlobalSection
EndGlobal
